// !$*UTF8*$!
{
	archiveVersion = 1;
	classes = {
	};
	objectVersion = 46;
	objects = {

/* Begin PBXBuildFile section */
		2DC07FD81A65959600406001 /* main.m in Sources */ = {isa = PBXBuildFile; fileRef = 2DC07FD71A65959600406001 /* main.m */; };
		2DC07FDB1A65959600406001 /* AppDelegate.m in Sources */ = {isa = PBXBuildFile; fileRef = 2DC07FDA1A65959600406001 /* AppDelegate.m */; };
		2DC07FDE1A65959600406001 /* ViewController.m in Sources */ = {isa = PBXBuildFile; fileRef = 2DC07FDD1A65959600406001 /* ViewController.m */; };
		2DC07FE11A65959600406001 /* Main.storyboard in Resources */ = {isa = PBXBuildFile; fileRef = 2DC07FDF1A65959600406001 /* Main.storyboard */; };
		2DC07FE31A65959600406001 /* Images.xcassets in Resources */ = {isa = PBXBuildFile; fileRef = 2DC07FE21A65959600406001 /* Images.xcassets */; };
		2DC07FE61A65959600406001 /* LaunchScreen.xib in Resources */ = {isa = PBXBuildFile; fileRef = 2DC07FE41A65959600406001 /* LaunchScreen.xib */; };
		2DC07FF21A65959600406001 /* GitTestingTests.m in Sources */ = {isa = PBXBuildFile; fileRef = 2DC07FF11A65959600406001 /* GitTestingTests.m */; };
/* End PBXBuildFile section */

/* Begin PBXContainerItemProxy section */
		2DC07FEC1A65959600406001 /* PBXContainerItemProxy */ = {
			isa = PBXContainerItemProxy;
			containerPortal = 2DC07FCA1A65959600406001 /* Project object */;
			proxyType = 1;
			remoteGlobalIDString = 2DC07FD11A65959600406001;
			remoteInfo = GitTesting;
		};
/* End PBXContainerItemProxy section */

/* Begin PBXFileReference section */
		2DC07FD21A65959600406001 /* GitTesting.app */ = {isa = PBXFileReference; explicitFileType = wrapper.application; includeInIndex = 0; path = GitTesting.app; sourceTree = BUILT_PRODUCTS_DIR; };
		2DC07FD61A65959600406001 /* Info.plist */ = {isa = PBXFileReference; lastKnownFileType = text.plist.xml; path = Info.plist; sourceTree = "<group>"; };
		2DC07FD71A65959600406001 /* main.m */ = {isa = PBXFileReference; lastKnownFileType = sourcecode.c.objc; path = main.m; sourceTree = "<group>"; };
		2DC07FD91A65959600406001 /* AppDelegate.h */ = {isa = PBXFileReference; lastKnownFileType = sourcecode.c.h; path = AppDelegate.h; sourceTree = "<group>"; };
		2DC07FDA1A65959600406001 /* AppDelegate.m */ = {isa = PBXFileReference; lastKnownFileType = sourcecode.c.objc; path = AppDelegate.m; sourceTree = "<group>"; };
		2DC07FDC1A65959600406001 /* ViewController.h */ = {isa = PBXFileReference; lastKnownFileType = sourcecode.c.h; path = ViewController.h; sourceTree = "<group>"; };
		2DC07FDD1A65959600406001 /* ViewController.m */ = {isa = PBXFileReference; lastKnownFileType = sourcecode.c.objc; path = ViewController.m; sourceTree = "<group>"; };
		2DC07FE01A65959600406001 /* Base */ = {isa = PBXFileReference; lastKnownFileType = file.storyboard; name = Base; path = Base.lproj/Main.storyboard; sourceTree = "<group>"; };
		2DC07FE21A65959600406001 /* Images.xcassets */ = {isa = PBXFileReference; lastKnownFileType = folder.assetcatalog; path = Images.xcassets; sourceTree = "<group>"; };
		2DC07FE51A65959600406001 /* Base */ = {isa = PBXFileReference; lastKnownFileType = file.xib; name = Base; path = Base.lproj/LaunchScreen.xib; sourceTree = "<group>"; };
		2DC07FEB1A65959600406001 /* GitTestingTests.xctest */ = {isa = PBXFileReference; explicitFileType = wrapper.cfbundle; includeInIndex = 0; path = GitTestingTests.xctest; sourceTree = BUILT_PRODUCTS_DIR; };
		2DC07FF01A65959600406001 /* Info.plist */ = {isa = PBXFileReference; lastKnownFileType = text.plist.xml; path = Info.plist; sourceTree = "<group>"; };
		2DC07FF11A65959600406001 /* GitTestingTests.m */ = {isa = PBXFileReference; lastKnownFileType = sourcecode.c.objc; path = GitTestingTests.m; sourceTree = "<group>"; };
/* End PBXFileReference section */

/* Begin PBXFrameworksBuildPhase section */
		2DC07FCF1A65959600406001 /* Frameworks */ = {
			isa = PBXFrameworksBuildPhase;
			buildActionMask = 2147483647;
			files = (
			);
			runOnlyForDeploymentPostprocessing = 0;
		};
		2DC07FE81A65959600406001 /* Frameworks */ = {
			isa = PBXFrameworksBuildPhase;
			buildActionMask = 2147483647;
			files = (
			);
			runOnlyForDeploymentPostprocessing = 0;
		};
/* End PBXFrameworksBuildPhase section */

/* Begin PBXGroup section */
		2DC07FC91A65959600406001 = {
			isa = PBXGroup;
			children = (
				2DC07FD41A65959600406001 /* GitTesting */,
				2DC07FEE1A65959600406001 /* GitTestingTests */,
				2DC07FD31A65959600406001 /* Products */,
			);
			sourceTree = "<group>";
		};
		2DC07FD31A65959600406001 /* Products */ = {
			isa = PBXGroup;
			children = (
				2DC07FD21A65959600406001 /* GitTesting.app */,
				2DC07FEB1A65959600406001 /* GitTestingTests.xctest */,
			);
			name = Products;
			sourceTree = "<group>";
		};
		2DC07FD41A65959600406001 /* GitTesting */ = {
			isa = PBXGroup;
			children = (
				2DC07FD91A65959600406001 /* AppDelegate.h */,
				2DC07FDA1A65959600406001 /* AppDelegate.m */,
				2DC07FDC1A65959600406001 /* ViewController.h */,
				2DC07FDD1A65959600406001 /* ViewController.m */,
				2DC07FDF1A65959600406001 /* Main.storyboard */,
				2DC07FE21A65959600406001 /* Images.xcassets */,
				2DC07FE41A65959600406001 /* LaunchScreen.xib */,
				2DC07FD51A65959600406001 /* Supporting Files */,
			);
			path = GitTesting;
			sourceTree = "<group>";
		};
		2DC07FD51A65959600406001 /* Supporting Files */ = {
			isa = PBXGroup;
			children = (
				2DC07FD61A65959600406001 /* Info.plist */,
				2DC07FD71A65959600406001 /* main.m */,
			);
			name = "Supporting Files";
			sourceTree = "<group>";
		};
		2DC07FEE1A65959600406001 /* GitTestingTests */ = {
			isa = PBXGroup;
			children = (
				2DC07FF11A65959600406001 /* GitTestingTests.m */,
				2DC07FEF1A65959600406001 /* Supporting Files */,
			);
			path = GitTestingTests;
			sourceTree = "<group>";
		};
		2DC07FEF1A65959600406001 /* Supporting Files */ = {
			isa = PBXGroup;
			children = (
				2DC07FF01A65959600406001 /* Info.plist */,
			);
			name = "Supporting Files";
			sourceTree = "<group>";
		};
/* End PBXGroup section */

/* Begin PBXNativeTarget section */
		2DC07FD11A65959600406001 /* GitTesting */ = {
			isa = PBXNativeTarget;
			buildConfigurationList = 2DC07FF51A65959600406001 /* Build configuration list for PBXNativeTarget "GitTesting" */;
			buildPhases = (
				2DC07FCE1A65959600406001 /* Sources */,
				2DC07FCF1A65959600406001 /* Frameworks */,
				2DC07FD01A65959600406001 /* Resources */,
			);
			buildRules = (
			);
			dependencies = (
			);
			name = GitTesting;
			productName = GitTesting;
			productReference = 2DC07FD21A65959600406001 /* GitTesting.app */;
			productType = "com.apple.product-type.application";
		};
		2DC07FEA1A65959600406001 /* GitTestingTests */ = {
			isa = PBXNativeTarget;
			buildConfigurationList = 2DC07FF81A65959600406001 /* Build configuration list for PBXNativeTarget "GitTestingTests" */;
			buildPhases = (
				2DC07FE71A65959600406001 /* Sources */,
				2DC07FE81A65959600406001 /* Frameworks */,
				2DC07FE91A65959600406001 /* Resources */,
			);
			buildRules = (
			);
			dependencies = (
				2DC07FED1A65959600406001 /* PBXTargetDependency */,
			);
			name = GitTestingTests;
			productName = GitTestingTests;
			productReference = 2DC07FEB1A65959600406001 /* GitTestingTests.xctest */;
			productType = "com.apple.product-type.bundle.unit-test";
		};
/* End PBXNativeTarget section */

/* Begin PBXProject section */
		2DC07FCA1A65959600406001 /* Project object */ = {
			isa = PBXProject;
			attributes = {
				LastUpgradeCheck = 0610;
				ORGANIZATIONNAME = Ajay;
				TargetAttributes = {
					2DC07FD11A65959600406001 = {
						CreatedOnToolsVersion = 6.1;
					};
					2DC07FEA1A65959600406001 = {
						CreatedOnToolsVersion = 6.1;
						TestTargetID = 2DC07FD11A65959600406001;
					};
				};
			};
			buildConfigurationList = 2DC07FCD1A65959600406001 /* Build configuration list for PBXProject "GitTesting" */;
			compatibilityVersion = "Xcode 3.2";
			developmentRegion = English;
			hasScannedForEncodings = 0;
			knownRegions = (
				en,
				Base,
			);
			mainGroup = 2DC07FC91A65959600406001;
			productRefGroup = 2DC07FD31A65959600406001 /* Products */;
			projectDirPath = "";
			projectRoot = "";
			targets = (
				2DC07FD11A65959600406001 /* GitTesting */,
				2DC07FEA1A65959600406001 /* GitTestingTests */,
			);
		};
/* End PBXProject section */

/* Begin PBXResourcesBuildPhase section */
		2DC07FD01A65959600406001 /* Resources */ = {
			isa = PBXResourcesBuildPhase;
			buildActionMask = 2147483647;
			files = (
				2DC07FE11A65959600406001 /* Main.storyboard in Resources */,
				2DC07FE61A65959600406001 /* LaunchScreen.xib in Resources */,
				2DC07FE31A65959600406001 /* Images.xcassets in Resources */,
			);
			runOnlyForDeploymentPostprocessing = 0;
		};
		2DC07FE91A65959600406001 /* Resources */ = {
			isa = PBXResourcesBuildPhase;
			buildActionMask = 2147483647;
			files = (
			);
			runOnlyForDeploymentPostprocessing = 0;
		};
/* End PBXResourcesBuildPhase section */

/* Begin PBXSourcesBuildPhase section */
		2DC07FCE1A65959600406001 /* Sources */ = {
			isa = PBXSourcesBuildPhase;
			buildActionMask = 2147483647;
			files = (
				2DC07FDE1A65959600406001 /* ViewController.m in Sources */,
				2DC07FDB1A65959600406001 /* AppDelegate.m in Sources */,
				2DC07FD81A65959600406001 /* main.m in Sources */,
			);
			runOnlyForDeploymentPostprocessing = 0;
		};
		2DC07FE71A65959600406001 /* Sources */ = {
			isa = PBXSourcesBuildPhase;
			buildActionMask = 2147483647;
			files = (
				2DC07FF21A65959600406001 /* GitTestingTests.m in Sources */,
			);
			runOnlyForDeploymentPostprocessing = 0;
		};
/* End PBXSourcesBuildPhase section */

/* Begin PBXTargetDependency section */
		2DC07FED1A65959600406001 /* PBXTargetDependency */ = {
			isa = PBXTargetDependency;
			target = 2DC07FD11A65959600406001 /* GitTesting */;
			targetProxy = 2DC07FEC1A65959600406001 /* PBXContainerItemProxy */;
		};
/* End PBXTargetDependency section */

/* Begin PBXVariantGroup section */
		2DC07FDF1A65959600406001 /* Main.storyboard */ = {
			isa = PBXVariantGroup;
			children = (
				2DC07FE01A65959600406001 /* Base */,
			);
			name = Main.storyboard;
			sourceTree = "<group>";
		};
		2DC07FE41A65959600406001 /* LaunchScreen.xib */ = {
			isa = PBXVariantGroup;
			children = (
				2DC07FE51A65959600406001 /* Base */,
			);
			name = LaunchScreen.xib;
			sourceTree = "<group>";
		};
/* End PBXVariantGroup section */

/* Begin XCBuildConfiguration section */
		2DC07FF31A65959600406001 /* Debug */ = {
			isa = XCBuildConfiguration;
			buildSettings = {
				ALWAYS_SEARCH_USER_PATHS = NO;
				CLANG_CXX_LANGUAGE_STANDARD = "gnu++0x";
				CLANG_CXX_LIBRARY = "libc++";
				CLANG_ENABLE_MODULES = YES;
				CLANG_ENABLE_OBJC_ARC = YES;
				CLANG_WARN_BOOL_CONVERSION = YES;
				CLANG_WARN_CONSTANT_CONVERSION = YES;
				CLANG_WARN_DIRECT_OBJC_ISA_USAGE = YES_ERROR;
				CLANG_WARN_EMPTY_BODY = YES;
				CLANG_WARN_ENUM_CONVERSION = YES;
				CLANG_WARN_INT_CONVERSION = YES;
				CLANG_WARN_OBJC_ROOT_CLASS = YES_ERROR;
				CLANG_WARN_UNREACHABLE_CODE = YES;
				CLANG_WARN__DUPLICATE_METHOD_MATCH = YES;
				"CODE_SIGN_IDENTITY[sdk=iphoneos*]" = "iPhone Developer";
				COPY_PHASE_STRIP = NO;
				ENABLE_STRICT_OBJC_MSGSEND = YES;
				GCC_C_LANGUAGE_STANDARD = gnu99;
				GCC_DYNAMIC_NO_PIC = NO;
				GCC_OPTIMIZATION_LEVEL = 0;
				GCC_PREPROCESSOR_DEFINITIONS = (
					"DEBUG=1",
					"$(inherited)",
				);
				GCC_SYMBOLS_PRIVATE_EXTERN = NO;
				GCC_WARN_64_TO_32_BIT_CONVERSION = YES;
				GCC_WARN_ABOUT_RETURN_TYPE = YES_ERROR;
				GCC_WARN_UNDECLARED_SELECTOR = YES;
				GCC_WARN_UNINITIALIZED_AUTOS = YES_AGGRESSIVE;
				GCC_WARN_UNUSED_FUNCTION = YES;
				GCC_WARN_UNUSED_VARIABLE = YES;
				IPHONEOS_DEPLOYMENT_TARGET = 8.1;
				MTL_ENABLE_DEBUG_INFO = YES;
				ONLY_ACTIVE_ARCH = YES;
				SDKROOT = iphoneos;
				TARGETED_DEVICE_FAMILY = "1,2";
			};
			name = Debug;
		};
		2DC07FF41A65959600406001 /* Release */ = {
			isa = XCBuildConfiguration;
			buildSettings = {
				ALWAYS_SEARCH_USER_PATHS = NO;
				CLANG_CXX_LANGUAGE_STANDARD = "gnu++0x";
				CLANG_CXX_LIBRARY = "libc++";
				CLANG_ENABLE_MODULES = YES;
				CLANG_ENABLE_OBJC_ARC = YES;
				CLANG_WARN_BOOL_CONVERSION = YES;
				CLANG_WARN_CONSTANT_CONVERSION = YES;
				CLANG_WARN_DIRECT_OBJC_ISA_USAGE = YES_ERROR;
				CLANG_WARN_EMPTY_BODY = YES;
				CLANG_WARN_ENUM_CONVERSION = YES;
				CLANG_WARN_INT_CONVERSION = YES;
				CLANG_WARN_OBJC_ROOT_CLASS = YES_ERROR;
				CLANG_WARN_UNREACHABLE_CODE = YES;
				CLANG_WARN__DUPLICATE_METHOD_MATCH = YES;
				"CODE_SIGN_IDENTITY[sdk=iphoneos*]" = "iPhone Developer";
				COPY_PHASE_STRIP = YES;
				ENABLE_NS_ASSERTIONS = NO;
				ENABLE_STRICT_OBJC_MSGSEND = YES;
				GCC_C_LANGUAGE_STANDARD = gnu99;
				GCC_WARN_64_TO_32_BIT_CONVERSION = YES;
				GCC_WARN_ABOUT_RETURN_TYPE = YES_ERROR;
				GCC_WARN_UNDECLARED_SELECTOR = YES;
				GCC_WARN_UNINITIALIZED_AUTOS = YES_AGGRESSIVE;
				GCC_WARN_UNUSED_FUNCTION = YES;
				GCC_WARN_UNUSED_VARIABLE = YES;
				IPHONEOS_DEPLOYMENT_TARGET = 8.1;
				MTL_ENABLE_DEBUG_INFO = NO;
				SDKROOT = iphoneos;
				TARGETED_DEVICE_FAMILY = "1,2";
				VALIDATE_PRODUCT = YES;
			};
			name = Release;
		};
		2DC07FF61A65959600406001 /* Debug */ = {
			isa = XCBuildConfiguration;
			buildSettings = {
				ASSETCATALOG_COMPILER_APPICON_NAME = AppIcon;
				INFOPLIST_FILE = GitTesting/Info.plist;
				LD_RUNPATH_SEARCH_PATHS = "$(inherited) @executable_path/Frameworks";
				PRODUCT_NAME = "$(TARGET_NAME)";
			};
			name = Debug;
		};
		2DC07FF71A65959600406001 /* Release */ = {
			isa = XCBuildConfiguration;
			buildSettings = {
				ASSETCATALOG_COMPILER_APPICON_NAME = AppIcon;
				INFOPLIST_FILE = GitTesting/Info.plist;
				LD_RUNPATH_SEARCH_PATHS = "$(inherited) @executable_path/Frameworks";
				PRODUCT_NAME = "$(TARGET_NAME)";
			};
			name = Release;
		};
		2DC07FF91A65959600406001 /* Debug */ = {
			isa = XCBuildConfiguration;
			buildSettings = {
				BUNDLE_LOADER = "$(TEST_HOST)";
				FRAMEWORK_SEARCH_PATHS = (
					"$(SDKROOT)/Developer/Library/Frameworks",
					"$(inherited)",
				);
				GCC_PREPROCESSOR_DEFINITIONS = (
					"DEBUG=1",
					"$(inherited)",
				);
				INFOPLIST_FILE = GitTestingTests/Info.plist;
				LD_RUNPATH_SEARCH_PATHS = "$(inherited) @executable_path/Frameworks @loader_path/Frameworks";
				PRODUCT_NAME = "$(TARGET_NAME)";
				TEST_HOST = "$(BUILT_PRODUCTS_DIR)/GitTesting.app/GitTesting";
			};
			name = Debug;
		};
		2DC07FFA1A65959600406001 /* Release */ = {
			isa = XCBuildConfiguration;
			buildSettings = {
				BUNDLE_LOADER = "$(TEST_HOST)";
				FRAMEWORK_SEARCH_PATHS = (
					"$(SDKROOT)/Developer/Library/Frameworks",
					"$(inherited)",
				);
				INFOPLIST_FILE = GitTestingTests/Info.plist;
				LD_RUNPATH_SEARCH_PATHS = "$(inherited) @executable_path/Frameworks @loader_path/Frameworks";
				PRODUCT_NAME = "$(TARGET_NAME)";
				TEST_HOST = "$(BUILT_PRODUCTS_DIR)/GitTesting.app/GitTesting";
			};
			name = Release;
		};
/* End XCBuildConfiguration section */

/* Begin XCConfigurationList section */
		2DC07FCD1A65959600406001 /* Build configuration list for PBXProject "GitTesting" */ = {
			isa = XCConfigurationList;
			buildConfigurations = (
				2DC07FF31A65959600406001 /* Debug */,
				2DC07FF41A65959600406001 /* Release */,
			);
			defaultConfigurationIsVisible = 0;
			defaultConfigurationName = Release;
		};
		2DC07FF51A65959600406001 /* Build configuration list for PBXNativeTarget "GitTesting" */ = {
			isa = XCConfigurationList;
			buildConfigurations = (
				2DC07FF61A65959600406001 /* Debug */,
				2DC07FF71A65959600406001 /* Release */,
			);
			defaultConfigurationIsVisible = 0;
		};
		2DC07FF81A65959600406001 /* Build configuration list for PBXNativeTarget "GitTestingTests" */ = {
			isa = XCConfigurationList;
			buildConfigurations = (
				2DC07FF91A65959600406001 /* Debug */,
				2DC07FFA1A65959600406001 /* Release */,
			);
			defaultConfigurationIsVisible = 0;
		};
/* End XCConfigurationList section */
	};
	rootObject = 2DC07FCA1A65959600406001 /* Project object */;
}
